
Microsoft Visual Studio Solution File, Format Version 12.00
# Visual Studio Version 16
VisualStudioVersion = 16.0.31005.135
MinimumVisualStudioVersion = 10.0.40219.1
Project("{FAE04EC0-301F-11D3-BF4B-00C04F79EFBC}") = "HelloWorld23", "HelloWorld23\HelloWorld23.csproj", "{EEC443B0-3CD1-4BE4-A57E-FD7161F9B555}"
EndProject
Global
	GlobalSection(SolutionConfigurationPlatforms) = preSolution
		Debug|Any CPU = Debug|Any CPU
		Release|Any CPU = Release|Any CPU
	EndGlobalSection
	GlobalSection(ProjectConfigurationPlatforms) = postSolution
		{EEC443B0-3CD1-4BE4-A57E-FD7161F9B555}.Debug|Any CPU.ActiveCfg = Debug|Any CPU
		{EEC443B0-3CD1-4BE4-A57E-FD7161F9B555}.Debug|Any CPU.Build.0 = Debug|Any CPU
		{EEC443B0-3CD1-4BE4-A57E-FD7161F9B555}.Release|Any CPU.ActiveCfg = Release|Any CPU
		{EEC443B0-3CD1-4BE4-A57E-FD7161F9B555}.Release|Any CPU.Build.0 = Release|Any CPU
	EndGlobalSection
	GlobalSection(SolutionProperties) = preSolution
		HideSolutionNode = FALSE
	EndGlobalSection
	GlobalSection(ExtensibilityGlobals) = postSolution
		SolutionGuid = {D2E8121A-E087-4A78-90DC-5D51CFB13206}
	EndGlobalSection
EndGlobal
